
Microsoft Visual Studio Solution File, Format Version 12.00
# Visual Studio 15
VisualStudioVersion = 15.0.27130.2027
MinimumVisualStudioVersion = 10.0.40219.1
Project("{E24C65DC-7377-472B-9ABA-BC803B73C61A}") = "MobileShoppingCart", "MobileShoppingCart\", "{E0C8CF43-53A3-42E0-89E4-9FCC97F721C5}"
	ProjectSection(WebsiteProperties) = preProject
		TargetFrameworkMoniker = ".NETFramework,Version%3Dv4.6.1"
		Debug.AspNetCompiler.VirtualPath = "/localhost_1363"
		Debug.AspNetCompiler.PhysicalPath = "MobileShoppingCart\"
		Debug.AspNetCompiler.TargetPath = "PrecompiledWeb\localhost_1363\"
		Debug.AspNetCompiler.Updateable = "true"
		Debug.AspNetCompiler.ForceOverwrite = "true"
		Debug.AspNetCompiler.FixedNames = "false"
		Debug.AspNetCompiler.Debug = "True"
		Release.AspNetCompiler.VirtualPath = "/localhost_1363"
		Release.AspNetCompiler.PhysicalPath = "MobileShoppingCart\"
		Release.AspNetCompiler.TargetPath = "PrecompiledWeb\localhost_1363\"
		Release.AspNetCompiler.Updateable = "true"
		Release.AspNetCompiler.ForceOverwrite = "true"
		Release.AspNetCompiler.FixedNames = "false"
		Release.AspNetCompiler.Debug = "False"
		VWDPort = "1363"
		SlnRelativePath = "MobileShoppingCart\"
		DefaultWebSiteLanguage = "Visual C#"
	EndProjectSection
EndProject
Global
	GlobalSection(SolutionConfigurationPlatforms) = preSolution
		Debug|Any CPU = Debug|Any CPU
	EndGlobalSection
	GlobalSection(ProjectConfigurationPlatforms) = postSolution
		{E0C8CF43-53A3-42E0-89E4-9FCC97F721C5}.Debug|Any CPU.ActiveCfg = Debug|Any CPU
		{E0C8CF43-53A3-42E0-89E4-9FCC97F721C5}.Debug|Any CPU.Build.0 = Debug|Any CPU
	EndGlobalSection
	GlobalSection(SolutionProperties) = preSolution
		HideSolutionNode = FALSE
	EndGlobalSection
	GlobalSection(ExtensibilityGlobals) = postSolution
		SolutionGuid = {9E3E875D-9171-4E19-BA56-64AF2C39D0BA}
	EndGlobalSection
EndGlobal
